
Microsoft Visual Studio Solution File, Format Version 12.00
# Visual Studio Version 17
VisualStudioVersion = 17.13.35931.197 d17.13
MinimumVisualStudioVersion = 10.0.40219.1
Project("{FAE04EC0-301F-11D3-BF4B-00C04F79EFBC}") = "Marketplace.API", "Marketplace.API\Marketplace.API.csproj", "{45C26831-038E-4E25-AA7F-D79DDFC38EF8}"
EndProject
Global
	GlobalSection(SolutionConfigurationPlatforms) = preSolution
		Debug|Any CPU = Debug|Any CPU
		Release|Any CPU = Release|Any CPU
	EndGlobalSection
	GlobalSection(ProjectConfigurationPlatforms) = postSolution
		{45C26831-038E-4E25-AA7F-D79DDFC38EF8}.Debug|Any CPU.ActiveCfg = Debug|Any CPU
		{45C26831-038E-4E25-AA7F-D79DDFC38EF8}.Debug|Any CPU.Build.0 = Debug|Any CPU
		{45C26831-038E-4E25-AA7F-D79DDFC38EF8}.Release|Any CPU.ActiveCfg = Release|Any CPU
		{45C26831-038E-4E25-AA7F-D79DDFC38EF8}.Release|Any CPU.Build.0 = Release|Any CPU
	EndGlobalSection
	GlobalSection(SolutionProperties) = preSolution
		HideSolutionNode = FALSE
	EndGlobalSection
	GlobalSection(ExtensibilityGlobals) = postSolution
		SolutionGuid = {DBFE8D54-3500-4EED-AC98-E5A65D3A0446}
	EndGlobalSection
EndGlobal
